github.com/Azure/go-ansiterm v0.0.0-20160425224146-04b7f292a41f/go.mod h1:LmzpDX56iTiv29bbRTIsUNlaFfuhWRQBWjQdVyAevI8=
github.com/BurntSushi/toml v0.0.0-20150127021243-f706d00e3de6 h1:16qw7tXeJQY74iT32JxxE3XfdkubpqAZ7GZrjkGOa+w=
github.com/BurntSushi/toml v0.0.0-20150127021243-f706d00e3de6/go.mod h1:xHWCNGjB5oqiDr8zfno3MHue2Ht5sIBksp03qcyfWMU=
github.com/Microsoft/go-winio v0.0.0-20160621211438-ce2922f643c8/go.mod h1:VhR8bwka0BXejwEJY73c50VrPtXAaKcyvVC4A4RozmA=
github.com/Microsoft/hcsshim v0.5.7/go.mod h1:Op3hHsoHPAvb6lceZHDtd9OkTew38wNoXnJs8iY7rUg=
github.com/Sirupsen/logrus v0.10.0 h1:I5b9VTLOttchcwWCzzNfRDAW2EFGlEN49hyoyq6d2ZI=
github.com/Sirupsen/logrus v0.10.0/go.mod h1:rmk17hk6i8ZSAJkSDa7nOxamrG+SP4P0mm+DAvExv4U=
github.com/armon/go-metrics v0.0.0-20150106224455-eb0af217e5e9 h1:j0r1R47jEcPk5M3GY3tFbv7q5J6j0Ppler3q4Guh6C0=
github.com/armon/go-metrics v0.0.0-20150106224455-eb0af217e5e9/go.mod h1:Q73ZrmVTwzkszR9V5SSuryQ31EELlFMUz1kKyl939pY=
github.com/armon/go-radix v0.0.0-20150105235045-e39d623f12e8 h1:XGHqlQXxwVly7mpcroyCGuEaGv/yvtS6r4PSHryDgxU=
github.com/armon/go-radix v0.0.0-20150105235045-e39d623f12e8/go.mod h1:ufUuZ+zHj4x4TnLV4JWEpy2hxWSpsRywHrMgIH9cCH8=
github.com/boltdb/bolt v1.2.0 h1:4FPRe2N+UvvrhrU7U+A60z9qaK75Q0wDmxjxZrMntTQ=
github.com/boltdb/bolt v1.2.0/go.mod h1:clJnj/oiGkjum5o1McbSZDSLxVThjynRyGBgiAx27Ps=
github.com/codegangsta/cli v1.9.0/go.mod h1:/qJNoX69yVSKu5o4jLyXAENLRyk1uhi7zkbQ3slBdOA=
github.com/coreos/etcd v0.0.0-20170111022503-925d1d74cec8 h1:Ypfwv33VFaGSFpDIAqWldBZiuots/lZVIZWDWPiiCp4=
github.com/coreos/etcd v0.0.0-20170111022503-925d1d74cec8/go.mod h1:uF7uidLiAD3TWHmW31ZFd/JWoc32PjwdhPthX9715RE=
github.com/coreos/go-systemd v0.0.0-20151104194251-b4a58d95188d/go.mod h1:F5haX7vjVVG0kc13fIWeqUViNPyEJxv/OmvnBo0Yme4=
github.com/deckarep/golang-set v0.0.0-20141123011944-ef32fa3046d9 h1:YpTz1+8tEHbybtxtMJNkV3U3GBAA05EakMRTR3dXkis=
github.com/deckarep/golang-set v0.0.0-20141123011944-ef32fa3046d9/go.mod h1:93vsz/8Wt4joVM7c2AVqh+YRMiUSc14yDtF28KmMOgQ=
github.com/docker/docker v0.0.0-20170110083519-9c96768eae4b h1:bkHVtaH/cM9Z4RUjcdOxbsrn/Hl+xgxyOMMG0U58JCk=
github.com/docker/docker v0.0.0-20170110083519-9c96768eae4b/go.mod h1:eEKB0N0r5NX/I1kEveEz05bcu8tLC/8azJZsviup8Sk=
github.com/docker/go-connections v0.2.0 h1:tV+S3i76CmPRYmR3NMDUFyr2HTP+3gL+xEPy146TPig=
github.com/docker/go-connections v0.2.0/go.mod h1:Gbd7IOopHjR8Iph03tsViu4nIes5XhDvyHbTtUxmeec=
github.com/docker/go-events v0.0.0-20160323060050-2e7d35281612 h1:pPhPu07E7v8wBeuWMP/02w3xbcSzNJ1Rzj/oVK4lGY0=
github.com/docker/go-events v0.0.0-20160323060050-2e7d35281612/go.mod h1:Uw6UezgYA44ePAFQYUehOuCzmy5zmg/+nl2ZfMWGkpA=
github.com/docker/go-units v0.0.0-20151222191443-8e2d4523730c/go.mod h1:fgPhTUdO+D/Jk86RDLlptpiXQzgHJF7gydDDbaIK4Dk=
github.com/docker/libkv v0.0.0-20161109010621-1d8431073ae0 h1:lUF9wR5fJyfFCGoah5AK+JOS5lQVlMRXuOrma2kSYeg=
github.com/docker/libkv v0.0.0-20161109010621-1d8431073ae0/go.mod h1:r5hEwHwW8dr0TFBYGCarMNbrQOiwL1xoqDYZ/JqoTK0=
github.com/godbus/dbus v4.0.0+incompatible h1:iNJ3QcnEtQA2va/vj1d2Ng5Ld6tWno5HscHoVw9Bk/I=
github.com/godbus/dbus v4.0.0+incompatible/go.mod h1:/YcGZj5zSblfDWMMoOzV4fas9FZnQYTkDnsGvmh2Grw=
github.com/gogo/protobuf v0.0.0-20160728085359-e33835a643a9 h1:w/kXzxhPc2a5ghhMnq4XqZSazyxDgkwLsl/a3BCZqKo=
github.com/gogo/protobuf v0.0.0-20160728085359-e33835a643a9/go.mod h1:r8qH/GZQm5c6nD/R0oafs1akxWv10x8SbQlK7atdtwQ=
github.com/golang/protobuf v0.0.0-20150316215550-f7137ae6b19a/go.mod h1:6lQm79b+lXiMfvg/cZm0SGofjICqVBUtrP5yJMmIC1U=
github.com/gorilla/context v0.0.0-20141217160251-215affda49ad/go.mod h1:kBGZzfjB9CEq2AlWe17Uuf7NDRt0dE0s8S51q0aT7Yg=
github.com/gorilla/mux v0.0.0-20150311031735-8096f4750345/go.mod h1:1lud6UwP+6orDFRuTfBEV8e9/aOM/c4fVVCaMa2zaAs=
github.com/hashicorp/consul v0.0.0-20150202214222-954aec66231b h1:DiJuKbXl9IhD/2NNuBjUYYfrZnWaN6/HQvgRI6Bg1Pg=
github.com/hashicorp/consul v0.0.0-20150202214222-954aec66231b/go.mod h1:mFrjN1mfidgJfYP1xrJCF+AfRhr6Eaqhb2+sfyn/OOI=
github.com/hashicorp/go-msgpack v0.0.0-20140221154404-71c2886f5a67 h1:uUGuA3Cnfp7qbFpIMOCDVz3TaWIF4lLYM8PE3YHpoA4=
github.com/hashicorp/go-msgpack v0.0.0-20140221154404-71c2886f5a67/go.mod h1:ahLV/dePpqEmjfWmKiqvPkv/twdG7iPBM1vqhUKIvfM=
github.com/hashicorp/go-multierror v0.0.0-20150107203116-2167c8ec4077 h1:zqkBGGSW/YAT6PWeY+/NvtHq/kCXgKDw90/X33EvbgE=
github.com/hashicorp/go-multierror v0.0.0-20150107203116-2167c8ec4077/go.mod h1:JMRHfdO9jKNzS/+BTlxCjKNQHg/jZAft8U7LloJvN7I=
github.com/hashicorp/memberlist v0.0.0-20160329060508-88ac4de0d1a0 h1:CBRChEdr0X1Kg9nkAhu7UcNwwHt8VWuVsTppokn2C5A=
github.com/hashicorp/memberlist v0.0.0-20160329060508-88ac4de0d1a0/go.mod h1:ncdBp14cuox2iFOq3kDiquKU6fqsTBc3W6JvZwjxxsE=
github.com/hashicorp/serf v0.0.0-20160317193612-598c54895cc5 h1:wjD77m26jcVP6sb2+EQ0YNxSCqmlMs3vibnDs4kFWok=
github.com/hashicorp/serf v0.0.0-20160317193612-598c54895cc5/go.mod h1:h/Ru6tmZazX7WO/GDmwdpS975F019L4t5ng5IgwbNrE=
github.com/mattn/go-shellwords v0.0.0-20160315040826-525bedee691b/go.mod h1:3xCvwCdWdlDJUrvuMn7Wuy9eWs4pE8vqg+NOMyg4B2o=
github.com/miekg/dns v0.0.0-20151102115150-d27455715200 h1:HjguPRc9EiUS7LUG1Flo+h1f3AXVVWLAsM2hwTVatBU=
github.com/miekg/dns v0.0.0-20151102115150-d27455715200/go.mod h1:W1PPwlIAgtquWBMBEV9nkV9Cazfe8ScdGz/Lj7v3Nrg=
github.com/opencontainers/runc v0.0.0-20151215222150-ba1568de3993 h1:ItpHk8RGctsgclMNoM76RRpTTSY6DAonhAqmVtSWcR4=
github.com/opencontainers/runc v0.0.0-20151215222150-ba1568de3993/go.mod h1:qT5XzbpPznkRYVz/mWwUaVBUv2rmF59PVA73FjuZG0U=
github.com/pkg/errors v0.0.0-20161002052512-839d9e913e06/go.mod h1:bwawxfHBFNV+L2hUp1rHADufV3IMtnDRdf1r5NINEl0=
github.com/samuel/go-zookeeper v0.0.0-20150415181332-d0e0d8e11f31 h1:K6A6FPUqjrujk315iZJFr8CLsW7zGhhmZDgGbghmleo=
github.com/samuel/go-zookeeper v0.0.0-20150415181332-d0e0d8e11f31/go.mod h1:gi+0XIa01GRL2eRQVjQkKGqKF3SF9vZR/HnPullcV2E=
github.com/seccomp/libseccomp-golang v0.0.0-20150813023252-1b506fc7c24e/go.mod h1:GbW5+tmTXfcxTToHLXlScSlAvWlF4P2Ca7zGrPiEpWo=
github.com/stretchr/testify v0.0.0-20150512124233-dab07ac62d49/go.mod h1:a8OnRcib4nhh0OaRAV+Yts87kKdq0PP7pXfy6kDkUVs=
github.com/syndtr/gocapability v0.0.0-20150716010906-2c00daeb6c3b/go.mod h1:hkRG7XYTFWNJGYcbNJQlaLq0fg1yr4J4t/NcTQtrfww=
github.com/ugorji/go v0.0.0-20151028022000-f1f1a805ed36 h1:vKlfv8sKDcjM5WIkcAzl5CZkKB8pppsrdmqczMTuapo=
github.com/ugorji/go v0.0.0-20151028022000-f1f1a805ed36/go.mod h1:hnLbHMwcvSihnDhEfx2/BzKp2xb0Y+ErdfYcrs9tkJQ=
github.com/vishvananda/netlink v0.0.0-20161115190107-17ea11b5a11c h1:/7Zu77XQTwdsSR/vIABW0IoOwKCXMyqZxQkFJ91pXTQ=
github.com/vishvananda/netlink v0.0.0-20161115190107-17ea11b5a11c/go.mod h1:+SR5DhBJrl6ZM7CoCKvpw5BKroDKQ+PJqOg65H/2ktk=
github.com/vishvananda/netns v0.0.0-20150710222425-604eaf189ee8 h1:MmJ82dMUwQ+0jmeFg/iWripmd3D+GlYUu/CV2m7hJto=
github.com/vishvananda/netns v0.0.0-20150710222425-604eaf189ee8/go.mod h1:ZjcWmFBXmLKZu9Nxj3WKYEafiSqer2rnvPr0en9UNpI=
golang.org/x/net v0.0.0-20150130075918-9dd48c277bcb h1:xefoN9sIYVG4bUez6GKQU4swTuYPYaaTYR8uju6oqNs=
golang.org/x/net v0.0.0-20150130075918-9dd48c277bcb/go.mod h1:mL1N/T3taQHkDXs73rZJwtUhF3w3ftmwwsq0BUmARs4=
golang.org/x/sys v0.0.0-20160916181909-8f0908ab3b24/go.mod h1:STP8DvDyc/dI5b8T5hshtkjS+E42TnysNCUPdjciGhY=
